# This file is automatically @generated by Cargo.
# It is not intended for manual editing.
version = 4

[[package]]
name = "wrix-beads"
version = "0.1.0"

[[package]]
name = "wrix-cache"
version = "0.1.0"
dependencies = [
 "wrix-core",
]

[[package]]
name = "wrix-cli"
version = "0.1.0"
dependencies = [
 "wrix-beads",
 "wrix-cache",
 "wrix-sandbox",
 "wrix-service",
]

[[package]]
name = "wrix-core"
version = "0.1.0"

[[package]]
name = "wrix-sandbox"
version = "0.1.0"
dependencies = [
 "wrix-core",
]

[[package]]
name = "wrix-service"
version = "0.1.0"
dependencies = [
 "wrix-cache",
 "wrix-core",
]
