{
  "nodes": {
    "crane": {
      "locked": {
        "lastModified": 1790899423,
        "narHash": "sha256-THGtz65UGJU+sonZidRboyCMk+9DclpMF7pwL4uDV4M=",
        "ref": "master",
        "rev": "47b6b27ed9a3a9181415e4367d0c30ab2a0e0250",
        "shallow": true,
        "type": "git",
        "url": "https://github.com/ipetkov/crane.git"
      },
      "original": {
        "ref": "master",
        "shallow": true,
        "type": "git",
        "url": "https://github.com/ipetkov/crane.git"
      }
    },
    "fenix": {
      "inputs": {
        "nixpkgs": [
          "nixpkgs"
        ],
        "rust-analyzer-src": "rust-analyzer-src"
      },
      "locked": {
        "lastModified": 1791378032,
        "narHash": "sha256-NaMw9W7dWAkYlz7Ej6pEjX8kXUDDO1UBy7AwuPwEuyE=",
        "ref": "main",
        "rev": "9aadb1d479ad081f67eac50920558e140f26d167",
        "shallow": true,
        "type": "git",
        "url": "https://github.com/nix-community/fenix.git"
      },
      "original": {
        "ref": "main",
        "shallow": true,
        "type": "git",
        "url": "https://github.com/nix-community/fenix.git"
      }
    },
    "flake-parts": {
      "inputs": {
        "nixpkgs-lib": [
          "nixpkgs"
        ]
      },
      "locked": {
        "lastModified": 1790898470,
        "narHash": "sha256-zTwuwezD0w3hpga6a6P8emidzAZFyWqlNeRBlpWOOl8=",
        "ref": "main",
        "rev": "024633cd702b10285db5cb19b40ad48d2399ba60",
        "shallow": true,
        "type": "git",
        "url": "https://github.com/hercules-ci/flake-parts.git"
      },
      "original": {
        "ref": "main",
        "shallow": true,
        "type": "git",
        "url": "https://github.com/hercules-ci/flake-parts.git"
      }
    },
    "loom-src": {
      "flake": false,
      "locked": {
        "lastModified": 1791413962,
        "narHash": "sha256-DQnRtUKrG9oUf/OfPnaPqxTMNgOvwYqZF+jzwPSIY4o=",
        "ref": "main",
        "rev": "3cf971a1bd042641100b427925c0d8a10679543c",
        "shallow": true,
        "type": "git",
        "url": "https://github.com/taheris/loom.git"
      },
      "original": {
        "ref": "main",
        "shallow": true,
        "type": "git",
        "url": "https://github.com/taheris/loom.git"
      }
    },
    "nixpkgs": {
      "locked": {
        "lastModified": 1791336361,
        "narHash": "sha256-o9ZUW4SlEAvFPIyJWnqChhOT/VHpHg8TAvEgmqK1fSI=",
        "ref": "nixpkgs-unstable",
        "rev": "7dd199b0e2993e37b4775ed66b1c291699608c9f",
        "shallow": true,
        "type": "git",
        "url": "https://github.com/NixOS/nixpkgs.git"
      },
      "original": {
        "ref": "nixpkgs-unstable",
        "shallow": true,
        "type": "git",
        "url": "https://github.com/NixOS/nixpkgs.git"
      }
    },
    "root": {
      "inputs": {
        "crane": "crane",
        "fenix": "fenix",
        "flake-parts": "flake-parts",
        "loom-src": "loom-src",
        "nixpkgs": "nixpkgs",
        "treefmt-nix": "treefmt-nix"
      }
    },
    "rust-analyzer-src": {
      "flake": false,
      "locked": {
        "lastModified": 1791303611,
        "narHash": "sha256-9uKpjZzi0aZBvdbaGUyLmCawYu1eAXfZQOZVOPOGS8A=",
        "owner": "rust-lang",
        "repo": "rust-analyzer",
        "rev": "021bfc15e24909389bd208d1622b7f4f3942b91a",
        "type": "github"
      },
      "original": {
        "owner": "rust-lang",
        "ref": "nightly",
        "repo": "rust-analyzer",
        "type": "github"
      }
    },
    "treefmt-nix": {
      "inputs": {
        "nixpkgs": [
          "nixpkgs"
        ]
      },
      "locked": {
        "lastModified": 1791203292,
        "narHash": "sha256-vuzVwvjeucSnwKwMBpyP8r5IzdrMKCHEdwTrRFwUN7I=",
        "ref": "main",
        "rev": "03d8ee1bcbc8f9638907bb79edb9673151d0e22b",
        "shallow": true,
        "type": "git",
        "url": "https://github.com/numtide/treefmt-nix.git"
      },
      "original": {
        "ref": "main",
        "shallow": true,
        "type": "git",
        "url": "https://github.com/numtide/treefmt-nix.git"
      }
    }
  },
  "root": "root",
  "version": 7
}
