{
  "nodes": {
    "crane": {
      "locked": {
        "lastModified": 1784248371,
        "narHash": "sha256-0l0Y4D4wbZhp1Oi6h8OpbLtIm/4FN88oCf54MK2ZgiM=",
        "ref": "master",
        "rev": "f7d151ec0bf52cf9662e2f59d7bea28588c2f070",
        "shallow": true,
        "type": "git",
        "url": "https://github.com/ipetkov/crane.git"
      },
      "original": {
        "ref": "master",
        "shallow": true,
        "type": "git",
        "url": "https://github.com/ipetkov/crane.git"
      }
    },
    "fenix": {
      "inputs": {
        "nixpkgs": [
          "nixpkgs"
        ],
        "rust-analyzer-src": "rust-analyzer-src"
      },
      "locked": {
        "lastModified": 1784190100,
        "narHash": "sha256-cE4wAMa3MDhnx+mH5Y72tM/VTSh5cS5S2q0w56XurJU=",
        "ref": "main",
        "rev": "010b0647f8ebce9cd9e185773a7f9e422af1154a",
        "shallow": true,
        "type": "git",
        "url": "https://github.com/nix-community/fenix.git"
      },
      "original": {
        "ref": "main",
        "shallow": true,
        "type": "git",
        "url": "https://github.com/nix-community/fenix.git"
      }
    },
    "flake-parts": {
      "inputs": {
        "nixpkgs-lib": [
          "nixpkgs"
        ]
      },
      "locked": {
        "lastModified": 1782949081,
        "narHash": "sha256-vp6Y/Grm98ESt6ceOkWiHWyZRDV3J1RID4w+6NWK9yA=",
        "ref": "main",
        "rev": "17c9d6cdfc60c64f4ee8d306f9bc0b4ccb51481e",
        "shallow": true,
        "type": "git",
        "url": "https://github.com/hercules-ci/flake-parts.git"
      },
      "original": {
        "ref": "main",
        "shallow": true,
        "type": "git",
        "url": "https://github.com/hercules-ci/flake-parts.git"
      }
    },
    "nixpkgs": {
      "locked": {
        "lastModified": 1784120854,
        "narHash": "sha256-KesHgItiZPgGX740axSiQLcIQ8D24MDqNpkKYWIek8k=",
        "ref": "nixos-unstable",
        "rev": "753cc8a3a87467296ddd1fa93f0cc3e81120ee46",
        "shallow": true,
        "type": "git",
        "url": "https://github.com/NixOS/nixpkgs.git"
      },
      "original": {
        "ref": "nixos-unstable",
        "shallow": true,
        "type": "git",
        "url": "https://github.com/NixOS/nixpkgs.git"
      }
    },
    "root": {
      "inputs": {
        "crane": "crane",
        "fenix": "fenix",
        "flake-parts": "flake-parts",
        "nixpkgs": "nixpkgs",
        "treefmt-nix": "treefmt-nix"
      }
    },
    "rust-analyzer-src": {
      "flake": false,
      "locked": {
        "lastModified": 1784155628,
        "narHash": "sha256-yLgQQpQJpNkqoNvYc93pr7HjpW2uOP6Y1sm/vQakEc4=",
        "owner": "rust-lang",
        "repo": "rust-analyzer",
        "rev": "7a5ecc88dbdfa13bac99fa4e0f38adcfdca1bb0a",
        "type": "github"
      },
      "original": {
        "owner": "rust-lang",
        "ref": "nightly",
        "repo": "rust-analyzer",
        "type": "github"
      }
    },
    "treefmt-nix": {
      "inputs": {
        "nixpkgs": [
          "nixpkgs"
        ]
      },
      "locked": {
        "lastModified": 1780220602,
        "narHash": "sha256-eynAfOmbmxJnkp7YewvCEbShNnnYJ9gLLqkzsYtBPeM=",
        "ref": "main",
        "rev": "db947814a175b7ca6ded66e21383d938df01c227",
        "shallow": true,
        "type": "git",
        "url": "https://github.com/numtide/treefmt-nix.git"
      },
      "original": {
        "ref": "main",
        "shallow": true,
        "type": "git",
        "url": "https://github.com/numtide/treefmt-nix.git"
      }
    }
  },
  "root": "root",
  "version": 7
}
