# This file is automatically @generated by Cargo.
# It is not intended for manual editing.
version = 4

[[package]]
name = "loom"
version = "0.1.0"

[[package]]
name = "loom-agent"
version = "0.1.0"

[[package]]
name = "loom-core"
version = "0.1.0"

[[package]]
name = "loom-templates"
version = "0.1.0"

[[package]]
name = "loom-workflow"
version = "0.1.0"
